// !$*UTF8*$!
{
	archiveVersion = 1;
	classes = {
	};
	objectVersion = 50;
	objects = {

/* Begin PBXBuildFile section */
		D8705A5D230AB1C600FDD404 /* AppDelegate.m in Sources */ = {isa = PBXBuildFile; fileRef = D8705A5C230AB1C600FDD404 /* AppDelegate.m */; };
		D8705A60230AB1C600FDD404 /* ViewController.m in Sources */ = {isa = PBXBuildFile; fileRef = D8705A5F230AB1C600FDD404 /* ViewController.m */; };
		D8705A63230AB1C600FDD404 /* Main.storyboard in Resources */ = {isa = PBXBuildFile; fileRef = D8705A61230AB1C600FDD404 /* Main.storyboard */; };
		D8705A65230AB1CB00FDD404 /* Assets.xcassets in Resources */ = {isa = PBXBuildFile; fileRef = D8705A64230AB1CB00FDD404 /* Assets.xcassets */; };
		D8705A68230AB1CB00FDD404 /* LaunchScreen.storyboard in Resources */ = {isa = PBXBuildFile; fileRef = D8705A66230AB1CB00FDD404 /* LaunchScreen.storyboard */; };
		D8705A6B230AB1CB00FDD404 /* main.m in Sources */ = {isa = PBXBuildFile; fileRef = D8705A6A230AB1CB00FDD404 /* main.m */; };
		D8705A77230AB1F300FDD404 /* RFColorTool.m in Sources */ = {isa = PBXBuildFile; fileRef = D8705A75230AB1F300FDD404 /* RFColorTool.m */; };
		D8705A7A230AB2F100FDD404 /* RFBlockBtn.m in Sources */ = {isa = PBXBuildFile; fileRef = D8705A79230AB2F100FDD404 /* RFBlockBtn.m */; };
		D8705AA4230BDD9E00FDD404 /* PRFGCDTimer.m in Sources */ = {isa = PBXBuildFile; fileRef = D8705AA2230BDD9E00FDD404 /* PRFGCDTimer.m */; };
/* End PBXBuildFile section */

/* Begin PBXFileReference section */
		D8705A58230AB1C600FDD404 /* MyTools.app */ = {isa = PBXFileReference; explicitFileType = wrapper.application; includeInIndex = 0; path = MyTools.app; sourceTree = BUILT_PRODUCTS_DIR; };
		D8705A5B230AB1C600FDD404 /* AppDelegate.h */ = {isa = PBXFileReference; lastKnownFileType = sourcecode.c.h; path = AppDelegate.h; sourceTree = "<group>"; };
		D8705A5C230AB1C600FDD404 /* AppDelegate.m */ = {isa = PBXFileReference; lastKnownFileType = sourcecode.c.objc; path = AppDelegate.m; sourceTree = "<group>"; };
		D8705A5E230AB1C600FDD404 /* ViewController.h */ = {isa = PBXFileReference; lastKnownFileType = sourcecode.c.h; path = ViewController.h; sourceTree = "<group>"; };
		D8705A5F230AB1C600FDD404 /* ViewController.m */ = {isa = PBXFileReference; lastKnownFileType = sourcecode.c.objc; path = ViewController.m; sourceTree = "<group>"; };
		D8705A62230AB1C600FDD404 /* Base */ = {isa = PBXFileReference; lastKnownFileType = file.storyboard; name = Base; path = Base.lproj/Main.storyboard; sourceTree = "<group>"; };
		D8705A64230AB1CB00FDD404 /* Assets.xcassets */ = {isa = PBXFileReference; lastKnownFileType = folder.assetcatalog; path = Assets.xcassets; sourceTree = "<group>"; };
		D8705A67230AB1CB00FDD404 /* Base */ = {isa = PBXFileReference; lastKnownFileType = file.storyboard; name = Base; path = Base.lproj/LaunchScreen.storyboard; sourceTree = "<group>"; };
		D8705A69230AB1CB00FDD404 /* Info.plist */ = {isa = PBXFileReference; lastKnownFileType = text.plist.xml; path = Info.plist; sourceTree = "<group>"; };
		D8705A6A230AB1CB00FDD404 /* main.m */ = {isa = PBXFileReference; lastKnownFileType = sourcecode.c.objc; path = main.m; sourceTree = "<group>"; };
		D8705A73230AB1F300FDD404 /* RFColorTool.h */ = {isa = PBXFileReference; fileEncoding = 4; lastKnownFileType = sourcecode.c.h; path = RFColorTool.h; sourceTree = "<group>"; };
		D8705A75230AB1F300FDD404 /* RFColorTool.m */ = {isa = PBXFileReference; fileEncoding = 4; lastKnownFileType = sourcecode.c.objc; path = RFColorTool.m; sourceTree = "<group>"; };
		D8705A78230AB2F100FDD404 /* RFBlockBtn.h */ = {isa = PBXFileReference; fileEncoding = 4; lastKnownFileType = sourcecode.c.h; path = RFBlockBtn.h; sourceTree = "<group>"; };
		D8705A79230AB2F100FDD404 /* RFBlockBtn.m */ = {isa = PBXFileReference; fileEncoding = 4; lastKnownFileType = sourcecode.c.objc; path = RFBlockBtn.m; sourceTree = "<group>"; };
		D8705AA2230BDD9E00FDD404 /* PRFGCDTimer.m */ = {isa = PBXFileReference; fileEncoding = 4; lastKnownFileType = sourcecode.c.objc; path = PRFGCDTimer.m; sourceTree = "<group>"; };
		D8705AA3230BDD9E00FDD404 /* PRFGCDTimer.h */ = {isa = PBXFileReference; fileEncoding = 4; lastKnownFileType = sourcecode.c.h; path = PRFGCDTimer.h; sourceTree = "<group>"; };
/* End PBXFileReference section */

/* Begin PBXFrameworksBuildPhase section */
		D8705A55230AB1C600FDD404 /* Frameworks */ = {
			isa = PBXFrameworksBuildPhase;
			buildActionMask = 2147483647;
			files = (
			);
			runOnlyForDeploymentPostprocessing = 0;
		};
/* End PBXFrameworksBuildPhase section */

/* Begin PBXGroup section */
		D8705A4F230AB1C600FDD404 = {
			isa = PBXGroup;
			children = (
				D8705A5A230AB1C600FDD404 /* MyTools */,
				D8705A59230AB1C600FDD404 /* Products */,
			);
			sourceTree = "<group>";
		};
		D8705A59230AB1C600FDD404 /* Products */ = {
			isa = PBXGroup;
			children = (
				D8705A58230AB1C600FDD404 /* MyTools.app */,
			);
			name = Products;
			sourceTree = "<group>";
		};
		D8705A5A230AB1C600FDD404 /* MyTools */ = {
			isa = PBXGroup;
			children = (
				D8705A5B230AB1C600FDD404 /* AppDelegate.h */,
				D8705A5C230AB1C600FDD404 /* AppDelegate.m */,
				D8705A5E230AB1C600FDD404 /* ViewController.h */,
				D8705A5F230AB1C600FDD404 /* ViewController.m */,
				D8705A61230AB1C600FDD404 /* Main.storyboard */,
				D8705A71230AB1F300FDD404 /* PRFTools */,
				D8705A64230AB1CB00FDD404 /* Assets.xcassets */,
				D8705A66230AB1CB00FDD404 /* LaunchScreen.storyboard */,
				D8705A69230AB1CB00FDD404 /* Info.plist */,
				D8705A6A230AB1CB00FDD404 /* main.m */,
			);
			path = MyTools;
			sourceTree = "<group>";
		};
		D8705A71230AB1F300FDD404 /* PRFTools */ = {
			isa = PBXGroup;
			children = (
				D8705A78230AB2F100FDD404 /* RFBlockBtn.h */,
				D8705A79230AB2F100FDD404 /* RFBlockBtn.m */,
				D8705A73230AB1F300FDD404 /* RFColorTool.h */,
				D8705A75230AB1F300FDD404 /* RFColorTool.m */,
				D8705AA3230BDD9E00FDD404 /* PRFGCDTimer.h */,
				D8705AA2230BDD9E00FDD404 /* PRFGCDTimer.m */,
			);
			name = PRFTools;
			path = ../../PRFTools;
			sourceTree = "<group>";
		};
/* End PBXGroup section */

/* Begin PBXNativeTarget section */
		D8705A57230AB1C600FDD404 /* MyTools */ = {
			isa = PBXNativeTarget;
			buildConfigurationList = D8705A6E230AB1CB00FDD404 /* Build configuration list for PBXNativeTarget "MyTools" */;
			buildPhases = (
				D8705A54230AB1C600FDD404 /* Sources */,
				D8705A55230AB1C600FDD404 /* Frameworks */,
				D8705A56230AB1C600FDD404 /* Resources */,
			);
			buildRules = (
			);
			dependencies = (
			);
			name = MyTools;
			productName = MyTools;
			productReference = D8705A58230AB1C600FDD404 /* MyTools.app */;
			productType = "com.apple.product-type.application";
		};
/* End PBXNativeTarget section */

/* Begin PBXProject section */
		D8705A50230AB1C600FDD404 /* Project object */ = {
			isa = PBXProject;
			attributes = {
				LastUpgradeCheck = 1030;
				ORGANIZATIONNAME = "庞日富";
				TargetAttributes = {
					D8705A57230AB1C600FDD404 = {
						CreatedOnToolsVersion = 10.3;
					};
				};
			};
			buildConfigurationList = D8705A53230AB1C600FDD404 /* Build configuration list for PBXProject "MyTools" */;
			compatibilityVersion = "Xcode 9.3";
			developmentRegion = en;
			hasScannedForEncodings = 0;
			knownRegions = (
				en,
				Base,
			);
			mainGroup = D8705A4F230AB1C600FDD404;
			productRefGroup = D8705A59230AB1C600FDD404 /* Products */;
			projectDirPath = "";
			projectRoot = "";
			targets = (
				D8705A57230AB1C600FDD404 /* MyTools */,
			);
		};
/* End PBXProject section */

/* Begin PBXResourcesBuildPhase section */
		D8705A56230AB1C600FDD404 /* Resources */ = {
			isa = PBXResourcesBuildPhase;
			buildActionMask = 2147483647;
			files = (
				D8705A68230AB1CB00FDD404 /* LaunchScreen.storyboard in Resources */,
				D8705A65230AB1CB00FDD404 /* Assets.xcassets in Resources */,
				D8705A63230AB1C600FDD404 /* Main.storyboard in Resources */,
			);
			runOnlyForDeploymentPostprocessing = 0;
		};
/* End PBXResourcesBuildPhase section */

/* Begin PBXSourcesBuildPhase section */
		D8705A54230AB1C600FDD404 /* Sources */ = {
			isa = PBXSourcesBuildPhase;
			buildActionMask = 2147483647;
			files = (
				D8705A60230AB1C600FDD404 /* ViewController.m in Sources */,
				D8705AA4230BDD9E00FDD404 /* PRFGCDTimer.m in Sources */,
				D8705A6B230AB1CB00FDD404 /* main.m in Sources */,
				D8705A5D230AB1C600FDD404 /* AppDelegate.m in Sources */,
				D8705A7A230AB2F100FDD404 /* RFBlockBtn.m in Sources */,
				D8705A77230AB1F300FDD404 /* RFColorTool.m in Sources */,
			);
			runOnlyForDeploymentPostprocessing = 0;
		};
/* End PBXSourcesBuildPhase section */

/* Begin PBXVariantGroup section */
		D8705A61230AB1C600FDD404 /* Main.storyboard */ = {
			isa = PBXVariantGroup;
			children = (
				D8705A62230AB1C600FDD404 /* Base */,
			);
			name = Main.storyboard;
			sourceTree = "<group>";
		};
		D8705A66230AB1CB00FDD404 /* LaunchScreen.storyboard */ = {
			isa = PBXVariantGroup;
			children = (
				D8705A67230AB1CB00FDD404 /* Base */,
			);
			name = LaunchScreen.storyboard;
			sourceTree = "<group>";
		};
/* End PBXVariantGroup section */

/* Begin XCBuildConfiguration section */
		D8705A6C230AB1CB00FDD404 /* Debug */ = {
			isa = XCBuildConfiguration;
			buildSettings = {
				ALWAYS_SEARCH_USER_PATHS = NO;
				CLANG_ANALYZER_NONNULL = YES;
				CLANG_ANALYZER_NUMBER_OBJECT_CONVERSION = YES_AGGRESSIVE;
				CLANG_CXX_LANGUAGE_STANDARD = "gnu++14";
				CLANG_CXX_LIBRARY = "libc++";
				CLANG_ENABLE_MODULES = YES;
				CLANG_ENABLE_OBJC_ARC = YES;
				CLANG_ENABLE_OBJC_WEAK = YES;
				CLANG_WARN_BLOCK_CAPTURE_AUTORELEASING = YES;
				CLANG_WARN_BOOL_CONVERSION = YES;
				CLANG_WARN_COMMA = YES;
				CLANG_WARN_CONSTANT_CONVERSION = YES;
				CLANG_WARN_DEPRECATED_OBJC_IMPLEMENTATIONS = YES;
				CLANG_WARN_DIRECT_OBJC_ISA_USAGE = YES_ERROR;
				CLANG_WARN_DOCUMENTATION_COMMENTS = YES;
				CLANG_WARN_EMPTY_BODY = YES;
				CLANG_WARN_ENUM_CONVERSION = YES;
				CLANG_WARN_INFINITE_RECURSION = YES;
				CLANG_WARN_INT_CONVERSION = YES;
				CLANG_WARN_NON_LITERAL_NULL_CONVERSION = YES;
				CLANG_WARN_OBJC_IMPLICIT_RETAIN_SELF = YES;
				CLANG_WARN_OBJC_LITERAL_CONVERSION = YES;
				CLANG_WARN_OBJC_ROOT_CLASS = YES_ERROR;
				CLANG_WARN_RANGE_LOOP_ANALYSIS = YES;
				CLANG_WARN_STRICT_PROTOTYPES = YES;
				CLANG_WARN_SUSPICIOUS_MOVE = YES;
				CLANG_WARN_UNGUARDED_AVAILABILITY = YES_AGGRESSIVE;
				CLANG_WARN_UNREACHABLE_CODE = YES;
				CLANG_WARN__DUPLICATE_METHOD_MATCH = YES;
				CODE_SIGN_IDENTITY = "iPhone Developer";
				COPY_PHASE_STRIP = NO;
				DEBUG_INFORMATION_FORMAT = dwarf;
				ENABLE_STRICT_OBJC_MSGSEND = YES;
				ENABLE_TESTABILITY = YES;
				GCC_C_LANGUAGE_STANDARD = gnu11;
				GCC_DYNAMIC_NO_PIC = NO;
				GCC_NO_COMMON_BLOCKS = YES;
				GCC_OPTIMIZATION_LEVEL = 0;
				GCC_PREPROCESSOR_DEFINITIONS = (
					"DEBUG=1",
					"$(inherited)",
				);
				GCC_WARN_64_TO_32_BIT_CONVERSION = YES;
				GCC_WARN_ABOUT_RETURN_TYPE = YES_ERROR;
				GCC_WARN_UNDECLARED_SELECTOR = YES;
				GCC_WARN_UNINITIALIZED_AUTOS = YES_AGGRESSIVE;
				GCC_WARN_UNUSED_FUNCTION = YES;
				GCC_WARN_UNUSED_VARIABLE = YES;
				IPHONEOS_DEPLOYMENT_TARGET = 12.4;
				MTL_ENABLE_DEBUG_INFO = INCLUDE_SOURCE;
				MTL_FAST_MATH = YES;
				ONLY_ACTIVE_ARCH = YES;
				SDKROOT = iphoneos;
			};
			name = Debug;
		};
		D8705A6D230AB1CB00FDD404 /* Release */ = {
			isa = XCBuildConfiguration;
			buildSettings = {
				ALWAYS_SEARCH_USER_PATHS = NO;
				CLANG_ANALYZER_NONNULL = YES;
				CLANG_ANALYZER_NUMBER_OBJECT_CONVERSION = YES_AGGRESSIVE;
				CLANG_CXX_LANGUAGE_STANDARD = "gnu++14";
				CLANG_CXX_LIBRARY = "libc++";
				CLANG_ENABLE_MODULES = YES;
				CLANG_ENABLE_OBJC_ARC = YES;
				CLANG_ENABLE_OBJC_WEAK = YES;
				CLANG_WARN_BLOCK_CAPTURE_AUTORELEASING = YES;
				CLANG_WARN_BOOL_CONVERSION = YES;
				CLANG_WARN_COMMA = YES;
				CLANG_WARN_CONSTANT_CONVERSION = YES;
				CLANG_WARN_DEPRECATED_OBJC_IMPLEMENTATIONS = YES;
				CLANG_WARN_DIRECT_OBJC_ISA_USAGE = YES_ERROR;
				CLANG_WARN_DOCUMENTATION_COMMENTS = YES;
				CLANG_WARN_EMPTY_BODY = YES;
				CLANG_WARN_ENUM_CONVERSION = YES;
				CLANG_WARN_INFINITE_RECURSION = YES;
				CLANG_WARN_INT_CONVERSION = YES;
				CLANG_WARN_NON_LITERAL_NULL_CONVERSION = YES;
				CLANG_WARN_OBJC_IMPLICIT_RETAIN_SELF = YES;
				CLANG_WARN_OBJC_LITERAL_CONVERSION = YES;
				CLANG_WARN_OBJC_ROOT_CLASS = YES_ERROR;
				CLANG_WARN_RANGE_LOOP_ANALYSIS = YES;
				CLANG_WARN_STRICT_PROTOTYPES = YES;
				CLANG_WARN_SUSPICIOUS_MOVE = YES;
				CLANG_WARN_UNGUARDED_AVAILABILITY = YES_AGGRESSIVE;
				CLANG_WARN_UNREACHABLE_CODE = YES;
				CLANG_WARN__DUPLICATE_METHOD_MATCH = YES;
				CODE_SIGN_IDENTITY = "iPhone Developer";
				COPY_PHASE_STRIP = NO;
				DEBUG_INFORMATION_FORMAT = "dwarf-with-dsym";
				ENABLE_NS_ASSERTIONS = NO;
				ENABLE_STRICT_OBJC_MSGSEND = YES;
				GCC_C_LANGUAGE_STANDARD = gnu11;
				GCC_NO_COMMON_BLOCKS = YES;
				GCC_WARN_64_TO_32_BIT_CONVERSION = YES;
				GCC_WARN_ABOUT_RETURN_TYPE = YES_ERROR;
				GCC_WARN_UNDECLARED_SELECTOR = YES;
				GCC_WARN_UNINITIALIZED_AUTOS = YES_AGGRESSIVE;
				GCC_WARN_UNUSED_FUNCTION = YES;
				GCC_WARN_UNUSED_VARIABLE = YES;
				IPHONEOS_DEPLOYMENT_TARGET = 12.4;
				MTL_ENABLE_DEBUG_INFO = NO;
				MTL_FAST_MATH = YES;
				SDKROOT = iphoneos;
				VALIDATE_PRODUCT = YES;
			};
			name = Release;
		};
		D8705A6F230AB1CB00FDD404 /* Debug */ = {
			isa = XCBuildConfiguration;
			buildSettings = {
				ASSETCATALOG_COMPILER_APPICON_NAME = AppIcon;
				CODE_SIGN_STYLE = Automatic;
				DEVELOPMENT_TEAM = CB483RWNCM;
				INFOPLIST_FILE = MyTools/Info.plist;
				LD_RUNPATH_SEARCH_PATHS = (
					"$(inherited)",
					"@executable_path/Frameworks",
				);
				PRODUCT_BUNDLE_IDENTIFIER = com.KLL.PRF.MyTools;
				PRODUCT_NAME = "$(TARGET_NAME)";
				TARGETED_DEVICE_FAMILY = "1,2";
			};
			name = Debug;
		};
		D8705A70230AB1CB00FDD404 /* Release */ = {
			isa = XCBuildConfiguration;
			buildSettings = {
				ASSETCATALOG_COMPILER_APPICON_NAME = AppIcon;
				CODE_SIGN_STYLE = Automatic;
				DEVELOPMENT_TEAM = CB483RWNCM;
				INFOPLIST_FILE = MyTools/Info.plist;
				LD_RUNPATH_SEARCH_PATHS = (
					"$(inherited)",
					"@executable_path/Frameworks",
				);
				PRODUCT_BUNDLE_IDENTIFIER = com.KLL.PRF.MyTools;
				PRODUCT_NAME = "$(TARGET_NAME)";
				TARGETED_DEVICE_FAMILY = "1,2";
			};
			name = Release;
		};
/* End XCBuildConfiguration section */

/* Begin XCConfigurationList section */
		D8705A53230AB1C600FDD404 /* Build configuration list for PBXProject "MyTools" */ = {
			isa = XCConfigurationList;
			buildConfigurations = (
				D8705A6C230AB1CB00FDD404 /* Debug */,
				D8705A6D230AB1CB00FDD404 /* Release */,
			);
			defaultConfigurationIsVisible = 0;
			defaultConfigurationName = Release;
		};
		D8705A6E230AB1CB00FDD404 /* Build configuration list for PBXNativeTarget "MyTools" */ = {
			isa = XCConfigurationList;
			buildConfigurations = (
				D8705A6F230AB1CB00FDD404 /* Debug */,
				D8705A70230AB1CB00FDD404 /* Release */,
			);
			defaultConfigurationIsVisible = 0;
			defaultConfigurationName = Release;
		};
/* End XCConfigurationList section */
	};
	rootObject = D8705A50230AB1C600FDD404 /* Project object */;
}
